
Microsoft Visual Studio Solution File, Format Version 12.00
# Visual Studio Version 17
VisualStudioVersion = 17.11.35312.102
MinimumVisualStudioVersion = 10.0.40219.1
Project("{2150E333-8FDC-42A3-9474-1A3956D46DE8}") = "Task0", "Task0", "{B3B4F9AF-39DF-4507-BE50-2E9850285049}"
EndProject
Project("{9A19103F-16F7-4668-BE54-9A1E7A4F7556}") = "Tyuiu.KokoulinIV.Sprint6.Task0.V12.Lib", "Tyuiu.KokoulinIV.Sprint6.Task0.V12.Lib\Tyuiu.KokoulinIV.Sprint6.Task0.V12.Lib.csproj", "{C836F2E3-0924-48D0-B574-09DDA9A4B2E8}"
EndProject
Project("{9A19103F-16F7-4668-BE54-9A1E7A4F7556}") = "Tyuiu.KokoulinIV.Sprint6.Task0.V12.Test", "Tyuiu.KokoulinIV.Sprint6.Task0.V12.Test\Tyuiu.KokoulinIV.Sprint6.Task0.V12.Test.csproj", "{E73B3A1C-CE79-4F9D-992E-49DA51E73F2A}"
EndProject
Project("{9A19103F-16F7-4668-BE54-9A1E7A4F7556}") = "Tyuiu.KokoulinIV.Sprint6.Task0.V12", "Tyuiu.KokoulinIV.Sprint6.Task0.V12\Tyuiu.KokoulinIV.Sprint6.Task0.V12.csproj", "{16EB9FC6-D723-46C4-827D-F932172DE5B0}"
EndProject
Project("{2150E333-8FDC-42A3-9474-1A3956D46DE8}") = "Task1", "Task1", "{3906716E-B75F-4C7A-9BF7-2968C78326C1}"
EndProject
Project("{9A19103F-16F7-4668-BE54-9A1E7A4F7556}") = "Tyuiu.KokoulinIV.Sprint6.Task1.V9", "Tyuiu.KokoulinIV.Sprint6.Task1.V9\Tyuiu.KokoulinIV.Sprint6.Task1.V9.csproj", "{5082C23F-B9FA-4D6B-8D7B-73F0EC4D7B0D}"
EndProject
Project("{9A19103F-16F7-4668-BE54-9A1E7A4F7556}") = "Tyuiu.KokoulinIV.Sprint6.Task1.V9.Lib", "Tyuiu.KokoulinIV.Sprint6.Task1.V9.Lib\Tyuiu.KokoulinIV.Sprint6.Task1.V9.Lib.csproj", "{B7E20004-0C09-4638-9E01-FAD05E5E01CF}"
EndProject
Project("{9A19103F-16F7-4668-BE54-9A1E7A4F7556}") = "Tyuiu.KokoulinIV.Sprint6.Task1.V9.Test", "Tyuiu.KokoulinIV.Sprint6.Task1.V9.Test\Tyuiu.KokoulinIV.Sprint6.Task1.V9.Test.csproj", "{6E4EBD9C-F099-4080-967D-F24D51154883}"
EndProject
Project("{2150E333-8FDC-42A3-9474-1A3956D46DE8}") = "Task2", "Task2", "{76DEA9F5-3227-496C-B7BD-CCA4BCB6759E}"
EndProject
Project("{9A19103F-16F7-4668-BE54-9A1E7A4F7556}") = "Tyuiu.KokoulinIV.Sprint6.Task2.V4", "Tyuiu.KokoulinIV.Sprint6.Task2.V4\Tyuiu.KokoulinIV.Sprint6.Task2.V4.csproj", "{AE4472CD-C81E-47E0-8995-09BB67A14655}"
EndProject
Project("{9A19103F-16F7-4668-BE54-9A1E7A4F7556}") = "Tyuiu.KokoulinIV.Sprint6.Task2.V4.Lib", "Tyuiu.KokoulinIV.Sprint6.Task2.V4.Lib\Tyuiu.KokoulinIV.Sprint6.Task2.V4.Lib.csproj", "{8CF7ECBB-4200-4E50-9349-93183AE74522}"
EndProject
Project("{9A19103F-16F7-4668-BE54-9A1E7A4F7556}") = "Tyuiu.KokoulinIV.Sprint6.Task2.V4.Test", "Tyuiu.KokoulinIV.Sprint6.Task2.V4.Test\Tyuiu.KokoulinIV.Sprint6.Task2.V4.Test.csproj", "{9CCA6D4F-9E09-4097-B3F5-00190EA4843D}"
EndProject
Project("{2150E333-8FDC-42A3-9474-1A3956D46DE8}") = "Task3", "Task3", "{FBDF26C6-2E5E-43AC-9443-9BAD4CA2A480}"
EndProject
Project("{9A19103F-16F7-4668-BE54-9A1E7A4F7556}") = "Tyuiu.KokoulinIV.Sprint6.Task3.V21", "Tyuiu.KokoulinIV.Sprint6.Task3.V21\Tyuiu.KokoulinIV.Sprint6.Task3.V21.csproj", "{3DE514B5-1D8B-42B9-82EC-3F3A891CE71A}"
EndProject
Project("{9A19103F-16F7-4668-BE54-9A1E7A4F7556}") = "Tyuiu.KokoulinIV.Sprint6.Task3.V21.Test", "Tyuiu.KokoulinIV.Sprint6.Task3.V21.Test\Tyuiu.KokoulinIV.Sprint6.Task3.V21.Test.csproj", "{0358183D-9350-4747-B8CF-B89B0012B4DA}"
EndProject
Project("{9A19103F-16F7-4668-BE54-9A1E7A4F7556}") = "Tyuiu.KokoulinIV.Sprint6.Task3.V21.Lib", "Tyuiu.KokoulinIV.Sprint6.Task3.V21.Lib\Tyuiu.KokoulinIV.Sprint6.Task3.V21.Lib.csproj", "{A4726ADB-5B52-4D78-9AF6-DD6146515E56}"
EndProject
Project("{2150E333-8FDC-42A3-9474-1A3956D46DE8}") = "Task4", "Task4", "{1151D19A-03B9-4929-ABEA-746E80870BFA}"
EndProject
Project("{9A19103F-16F7-4668-BE54-9A1E7A4F7556}") = "Tyuiu.KokoulinIV.Sprint6.Task4.V18", "Tyuiu.KokoulinIV.Sprint6.Task4.V18\Tyuiu.KokoulinIV.Sprint6.Task4.V18.csproj", "{131B7852-480F-4105-AE4B-62AE4FB2CECF}"
EndProject
Project("{9A19103F-16F7-4668-BE54-9A1E7A4F7556}") = "Tyuiu.KokoulinIV.Sprint6.Task4.V18.Lib", "Tyuiu.KokoulinIV.Sprint6.Task4.V18.Lib\Tyuiu.KokoulinIV.Sprint6.Task4.V18.Lib.csproj", "{EA0B89A1-5375-4E58-9B5E-DB7E123AA45B}"
EndProject
Project("{9A19103F-16F7-4668-BE54-9A1E7A4F7556}") = "Tyuiu.KokoulinIV.Sprint6.Task4.V18.Test", "Tyuiu.KokoulinIV.Sprint6.Task4.V18.Test\Tyuiu.KokoulinIV.Sprint6.Task4.V18.Test.csproj", "{EC80A35A-0372-4358-85B2-7746A2626DDE}"
EndProject
Project("{2150E333-8FDC-42A3-9474-1A3956D46DE8}") = "Task5", "Task5", "{4C5E35AC-A471-4D52-AC2E-54D45B3BC218}"
EndProject
Project("{FAE04EC0-301F-11D3-BF4B-00C04F79EFBC}") = "Tyuiu.KokoulinIV.Sprint6.Task5.V7", "Tyuiu.KokoulinIV.Sprint6.Task5.V7\Tyuiu.KokoulinIV.Sprint6.Task5.V7.csproj", "{4FFEDC90-967E-40AC-B8C7-DA77209ACD63}"
EndProject
Project("{FAE04EC0-301F-11D3-BF4B-00C04F79EFBC}") = "Tyuiu.KokoulinIV.Sprint6.Task5.V7.Lib", "Tyuiu.KokoulinIV.Sprint6.Task5.V7.Lib\Tyuiu.KokoulinIV.Sprint6.Task5.V7.Lib.csproj", "{5A01F570-65CE-4AF0-94E1-1B95F08521A6}"
EndProject
Project("{FAE04EC0-301F-11D3-BF4B-00C04F79EFBC}") = "Tyuiu.KokoulinIV.Sprint6.Task5.V7.Test", "Tyuiu.KokoulinIV.Sprint6.Task5.V7.Test\Tyuiu.KokoulinIV.Sprint6.Task5.V7.Test.csproj", "{DBF9FB82-6838-44FF-A8C5-C9047220F22B}"
EndProject
Global
	GlobalSection(SolutionConfigurationPlatforms) = preSolution
		Debug|Any CPU = Debug|Any CPU
		Release|Any CPU = Release|Any CPU
	EndGlobalSection
	GlobalSection(ProjectConfigurationPlatforms) = postSolution
		{C836F2E3-0924-48D0-B574-09DDA9A4B2E8}.Debug|Any CPU.ActiveCfg = Debug|Any CPU
		{C836F2E3-0924-48D0-B574-09DDA9A4B2E8}.Debug|Any CPU.Build.0 = Debug|Any CPU
		{C836F2E3-0924-48D0-B574-09DDA9A4B2E8}.Release|Any CPU.ActiveCfg = Release|Any CPU
		{C836F2E3-0924-48D0-B574-09DDA9A4B2E8}.Release|Any CPU.Build.0 = Release|Any CPU
		{E73B3A1C-CE79-4F9D-992E-49DA51E73F2A}.Debug|Any CPU.ActiveCfg = Debug|Any CPU
		{E73B3A1C-CE79-4F9D-992E-49DA51E73F2A}.Debug|Any CPU.Build.0 = Debug|Any CPU
		{E73B3A1C-CE79-4F9D-992E-49DA51E73F2A}.Release|Any CPU.ActiveCfg = Release|Any CPU
		{E73B3A1C-CE79-4F9D-992E-49DA51E73F2A}.Release|Any CPU.Build.0 = Release|Any CPU
		{16EB9FC6-D723-46C4-827D-F932172DE5B0}.Debug|Any CPU.ActiveCfg = Debug|Any CPU
		{16EB9FC6-D723-46C4-827D-F932172DE5B0}.Debug|Any CPU.Build.0 = Debug|Any CPU
		{16EB9FC6-D723-46C4-827D-F932172DE5B0}.Release|Any CPU.ActiveCfg = Release|Any CPU
		{16EB9FC6-D723-46C4-827D-F932172DE5B0}.Release|Any CPU.Build.0 = Release|Any CPU
		{5082C23F-B9FA-4D6B-8D7B-73F0EC4D7B0D}.Debug|Any CPU.ActiveCfg = Debug|Any CPU
		{5082C23F-B9FA-4D6B-8D7B-73F0EC4D7B0D}.Debug|Any CPU.Build.0 = Debug|Any CPU
		{5082C23F-B9FA-4D6B-8D7B-73F0EC4D7B0D}.Release|Any CPU.ActiveCfg = Release|Any CPU
		{5082C23F-B9FA-4D6B-8D7B-73F0EC4D7B0D}.Release|Any CPU.Build.0 = Release|Any CPU
		{B7E20004-0C09-4638-9E01-FAD05E5E01CF}.Debug|Any CPU.ActiveCfg = Debug|Any CPU
		{B7E20004-0C09-4638-9E01-FAD05E5E01CF}.Debug|Any CPU.Build.0 = Debug|Any CPU
		{B7E20004-0C09-4638-9E01-FAD05E5E01CF}.Release|Any CPU.ActiveCfg = Release|Any CPU
		{B7E20004-0C09-4638-9E01-FAD05E5E01CF}.Release|Any CPU.Build.0 = Release|Any CPU
		{6E4EBD9C-F099-4080-967D-F24D51154883}.Debug|Any CPU.ActiveCfg = Debug|Any CPU
		{6E4EBD9C-F099-4080-967D-F24D51154883}.Debug|Any CPU.Build.0 = Debug|Any CPU
		{6E4EBD9C-F099-4080-967D-F24D51154883}.Release|Any CPU.ActiveCfg = Release|Any CPU
		{6E4EBD9C-F099-4080-967D-F24D51154883}.Release|Any CPU.Build.0 = Release|Any CPU
		{AE4472CD-C81E-47E0-8995-09BB67A14655}.Debug|Any CPU.ActiveCfg = Debug|Any CPU
		{AE4472CD-C81E-47E0-8995-09BB67A14655}.Debug|Any CPU.Build.0 = Debug|Any CPU
		{AE4472CD-C81E-47E0-8995-09BB67A14655}.Release|Any CPU.ActiveCfg = Release|Any CPU
		{AE4472CD-C81E-47E0-8995-09BB67A14655}.Release|Any CPU.Build.0 = Release|Any CPU
		{8CF7ECBB-4200-4E50-9349-93183AE74522}.Debug|Any CPU.ActiveCfg = Debug|Any CPU
		{8CF7ECBB-4200-4E50-9349-93183AE74522}.Debug|Any CPU.Build.0 = Debug|Any CPU
		{8CF7ECBB-4200-4E50-9349-93183AE74522}.Release|Any CPU.ActiveCfg = Release|Any CPU
		{8CF7ECBB-4200-4E50-9349-93183AE74522}.Release|Any CPU.Build.0 = Release|Any CPU
		{9CCA6D4F-9E09-4097-B3F5-00190EA4843D}.Debug|Any CPU.ActiveCfg = Debug|Any CPU
		{9CCA6D4F-9E09-4097-B3F5-00190EA4843D}.Debug|Any CPU.Build.0 = Debug|Any CPU
		{9CCA6D4F-9E09-4097-B3F5-00190EA4843D}.Release|Any CPU.ActiveCfg = Release|Any CPU
		{9CCA6D4F-9E09-4097-B3F5-00190EA4843D}.Release|Any CPU.Build.0 = Release|Any CPU
		{3DE514B5-1D8B-42B9-82EC-3F3A891CE71A}.Debug|Any CPU.ActiveCfg = Debug|Any CPU
		{3DE514B5-1D8B-42B9-82EC-3F3A891CE71A}.Debug|Any CPU.Build.0 = Debug|Any CPU
		{3DE514B5-1D8B-42B9-82EC-3F3A891CE71A}.Release|Any CPU.ActiveCfg = Release|Any CPU
		{3DE514B5-1D8B-42B9-82EC-3F3A891CE71A}.Release|Any CPU.Build.0 = Release|Any CPU
		{0358183D-9350-4747-B8CF-B89B0012B4DA}.Debug|Any CPU.ActiveCfg = Debug|Any CPU
		{0358183D-9350-4747-B8CF-B89B0012B4DA}.Debug|Any CPU.Build.0 = Debug|Any CPU
		{0358183D-9350-4747-B8CF-B89B0012B4DA}.Release|Any CPU.ActiveCfg = Release|Any CPU
		{0358183D-9350-4747-B8CF-B89B0012B4DA}.Release|Any CPU.Build.0 = Release|Any CPU
		{A4726ADB-5B52-4D78-9AF6-DD6146515E56}.Debug|Any CPU.ActiveCfg = Debug|Any CPU
		{A4726ADB-5B52-4D78-9AF6-DD6146515E56}.Debug|Any CPU.Build.0 = Debug|Any CPU
		{A4726ADB-5B52-4D78-9AF6-DD6146515E56}.Release|Any CPU.ActiveCfg = Release|Any CPU
		{A4726ADB-5B52-4D78-9AF6-DD6146515E56}.Release|Any CPU.Build.0 = Release|Any CPU
		{131B7852-480F-4105-AE4B-62AE4FB2CECF}.Debug|Any CPU.ActiveCfg = Debug|Any CPU
		{131B7852-480F-4105-AE4B-62AE4FB2CECF}.Debug|Any CPU.Build.0 = Debug|Any CPU
		{131B7852-480F-4105-AE4B-62AE4FB2CECF}.Release|Any CPU.ActiveCfg = Release|Any CPU
		{131B7852-480F-4105-AE4B-62AE4FB2CECF}.Release|Any CPU.Build.0 = Release|Any CPU
		{EA0B89A1-5375-4E58-9B5E-DB7E123AA45B}.Debug|Any CPU.ActiveCfg = Debug|Any CPU
		{EA0B89A1-5375-4E58-9B5E-DB7E123AA45B}.Debug|Any CPU.Build.0 = Debug|Any CPU
		{EA0B89A1-5375-4E58-9B5E-DB7E123AA45B}.Release|Any CPU.ActiveCfg = Release|Any CPU
		{EA0B89A1-5375-4E58-9B5E-DB7E123AA45B}.Release|Any CPU.Build.0 = Release|Any CPU
		{EC80A35A-0372-4358-85B2-7746A2626DDE}.Debug|Any CPU.ActiveCfg = Debug|Any CPU
		{EC80A35A-0372-4358-85B2-7746A2626DDE}.Debug|Any CPU.Build.0 = Debug|Any CPU
		{EC80A35A-0372-4358-85B2-7746A2626DDE}.Release|Any CPU.ActiveCfg = Release|Any CPU
		{EC80A35A-0372-4358-85B2-7746A2626DDE}.Release|Any CPU.Build.0 = Release|Any CPU
		{4FFEDC90-967E-40AC-B8C7-DA77209ACD63}.Debug|Any CPU.ActiveCfg = Debug|Any CPU
		{4FFEDC90-967E-40AC-B8C7-DA77209ACD63}.Debug|Any CPU.Build.0 = Debug|Any CPU
		{4FFEDC90-967E-40AC-B8C7-DA77209ACD63}.Release|Any CPU.ActiveCfg = Release|Any CPU
		{4FFEDC90-967E-40AC-B8C7-DA77209ACD63}.Release|Any CPU.Build.0 = Release|Any CPU
		{5A01F570-65CE-4AF0-94E1-1B95F08521A6}.Debug|Any CPU.ActiveCfg = Debug|Any CPU
		{5A01F570-65CE-4AF0-94E1-1B95F08521A6}.Debug|Any CPU.Build.0 = Debug|Any CPU
		{5A01F570-65CE-4AF0-94E1-1B95F08521A6}.Release|Any CPU.ActiveCfg = Release|Any CPU
		{5A01F570-65CE-4AF0-94E1-1B95F08521A6}.Release|Any CPU.Build.0 = Release|Any CPU
		{DBF9FB82-6838-44FF-A8C5-C9047220F22B}.Debug|Any CPU.ActiveCfg = Debug|Any CPU
		{DBF9FB82-6838-44FF-A8C5-C9047220F22B}.Debug|Any CPU.Build.0 = Debug|Any CPU
		{DBF9FB82-6838-44FF-A8C5-C9047220F22B}.Release|Any CPU.ActiveCfg = Release|Any CPU
		{DBF9FB82-6838-44FF-A8C5-C9047220F22B}.Release|Any CPU.Build.0 = Release|Any CPU
	EndGlobalSection
	GlobalSection(SolutionProperties) = preSolution
		HideSolutionNode = FALSE
	EndGlobalSection
	GlobalSection(NestedProjects) = preSolution
		{C836F2E3-0924-48D0-B574-09DDA9A4B2E8} = {B3B4F9AF-39DF-4507-BE50-2E9850285049}
		{E73B3A1C-CE79-4F9D-992E-49DA51E73F2A} = {B3B4F9AF-39DF-4507-BE50-2E9850285049}
		{16EB9FC6-D723-46C4-827D-F932172DE5B0} = {B3B4F9AF-39DF-4507-BE50-2E9850285049}
		{5082C23F-B9FA-4D6B-8D7B-73F0EC4D7B0D} = {3906716E-B75F-4C7A-9BF7-2968C78326C1}
		{B7E20004-0C09-4638-9E01-FAD05E5E01CF} = {3906716E-B75F-4C7A-9BF7-2968C78326C1}
		{6E4EBD9C-F099-4080-967D-F24D51154883} = {3906716E-B75F-4C7A-9BF7-2968C78326C1}
		{AE4472CD-C81E-47E0-8995-09BB67A14655} = {76DEA9F5-3227-496C-B7BD-CCA4BCB6759E}
		{8CF7ECBB-4200-4E50-9349-93183AE74522} = {76DEA9F5-3227-496C-B7BD-CCA4BCB6759E}
		{9CCA6D4F-9E09-4097-B3F5-00190EA4843D} = {76DEA9F5-3227-496C-B7BD-CCA4BCB6759E}
		{3DE514B5-1D8B-42B9-82EC-3F3A891CE71A} = {FBDF26C6-2E5E-43AC-9443-9BAD4CA2A480}
		{0358183D-9350-4747-B8CF-B89B0012B4DA} = {FBDF26C6-2E5E-43AC-9443-9BAD4CA2A480}
		{A4726ADB-5B52-4D78-9AF6-DD6146515E56} = {FBDF26C6-2E5E-43AC-9443-9BAD4CA2A480}
		{131B7852-480F-4105-AE4B-62AE4FB2CECF} = {1151D19A-03B9-4929-ABEA-746E80870BFA}
		{EA0B89A1-5375-4E58-9B5E-DB7E123AA45B} = {1151D19A-03B9-4929-ABEA-746E80870BFA}
		{EC80A35A-0372-4358-85B2-7746A2626DDE} = {1151D19A-03B9-4929-ABEA-746E80870BFA}
		{4FFEDC90-967E-40AC-B8C7-DA77209ACD63} = {4C5E35AC-A471-4D52-AC2E-54D45B3BC218}
		{5A01F570-65CE-4AF0-94E1-1B95F08521A6} = {4C5E35AC-A471-4D52-AC2E-54D45B3BC218}
		{DBF9FB82-6838-44FF-A8C5-C9047220F22B} = {4C5E35AC-A471-4D52-AC2E-54D45B3BC218}
	EndGlobalSection
	GlobalSection(ExtensibilityGlobals) = postSolution
		SolutionGuid = {0159B35D-CAA5-4FE7-8FE7-B1017BC78719}
	EndGlobalSection
EndGlobal
